{
    "requires": true,
    "lockfileVersion": 1,
    "dependencies": {
        "@popperjs/core": {
            "version": "2.9.2",
            "resolved": "https://registry.npmjs.org/@popperjs/core/-/core-2.9.2.tgz",
            "integrity": "sha512-VZMYa7+fXHdwIq1TDhSXoVmSPEGM/aa+6Aiq3nVVJ9bXr24zScr+NlKFKC3iPljA7ho/GAZr+d2jOf5GIRC30Q=="
        },
        "@themesberg/volt-bootstrap-5-dashboard": {
            "version": "1.4.1",
            "resolved": "https://registry.npmjs.org/@themesberg/volt-bootstrap-5-dashboard/-/volt-bootstrap-5-dashboard-1.4.1.tgz",
            "integrity": "sha512-PgNWJ4YWMOwjAHqG3OuatgdGfIrqeu9sPhU7WMjZ2PiLQ2SEnfSwNlLaeRHnDSFNvehKnnglSuDgywr2vJVzsA==",
            "requires": {
                "@popperjs/core": "2.9.2",
                "bootstrap": "5.0.1",
                "chartist": "0.11.4",
                "chartist-plugin-tooltips": "0.0.17",
                "notyf": "3.9.0",
                "nouislider": "11.0.3",
                "onscreen": "1.3.4",
                "simplebar": "^6.0.0-beta.2",
                "smooth-scroll": "^16.1.0",
                "sweetalert2": "11.0.11",
                "vanillajs-datepicker": "1.1.4",
                "waypoints": "4.0.1"
            }
        },
        "bootstrap": {
            "version": "5.0.1",
            "resolved": "https://registry.npmjs.org/bootstrap/-/bootstrap-5.0.1.tgz",
            "integrity": "sha512-Fl79+wsLOZKoiU345KeEaWD0ik8WKRI5zm0YSPj2oF1Qr+BO7z0fco6GbUtqjoG1h4VI89PeKJnMsMMVQdKKTw=="
        },
        "can-use-dom": {
            "version": "0.1.0",
            "resolved": "https://registry.npmjs.org/can-use-dom/-/can-use-dom-0.1.0.tgz",
            "integrity": "sha512-ceOhN1DL7Y4O6M0j9ICgmTYziV89WMd96SvSl0REd8PMgrY0B/WBOPoed5S1KUmJqXgUXh8gzSe6E3ae27upsQ=="
        },
        "chartist": {
            "version": "0.11.4",
            "resolved": "https://registry.npmjs.org/chartist/-/chartist-0.11.4.tgz",
            "integrity": "sha512-H4AimxaUD738/u9Mq8t27J4lh6STsLi4BQHt65nOtpLk3xyrBPaLiLMrHw7/WV9CmsjGA02WihjuL5qpSagLYw=="
        },
        "chartist-plugin-tooltips": {
            "version": "0.0.17",
            "resolved": "https://registry.npmjs.org/chartist-plugin-tooltips/-/chartist-plugin-tooltips-0.0.17.tgz",
            "integrity": "sha512-frXv269MyRHfuhyZILdTTsNG4PP3+Ab0NkysdnMk73aN4w76oWarsGguuciYzZawKrctp8RZzU/W44A4+Y4vOg=="
        },
        "lodash-es": {
            "version": "4.17.21",
            "resolved": "https://registry.npmjs.org/lodash-es/-/lodash-es-4.17.21.tgz",
            "integrity": "sha512-mKnC+QJ9pWVzv+C4/U3rRsHapFfHvQFoFB92e52xeyGMcX6/OlIl78je1u8vePzYZSkkogMPJ2yjxxsb89cxyw=="
        },
        "notyf": {
            "version": "3.9.0",
            "resolved": "https://registry.npmjs.org/notyf/-/notyf-3.9.0.tgz",
            "integrity": "sha512-3zqV/AuP8w5OpPhUElsLte1BFfL42tswMZM5Ya24w7GozMsQTJRYsQQgqmA9oylDL3t5TE7F4rP3ZGM6JfaKOQ=="
        },
        "nouislider": {
            "version": "11.0.3",
            "resolved": "https://registry.npmjs.org/nouislider/-/nouislider-11.0.3.tgz",
            "integrity": "sha512-EmL3FHQ1vZ7wofzeLRqGZc7Lt4HpHezwfi2ODz8H2qcvltdIb4yqSo0trFN3Uk08YN7sPSQVETtH4Dg+k8xOBA=="
        },
        "onscreen": {
            "version": "1.3.4",
            "resolved": "https://registry.npmjs.org/onscreen/-/onscreen-1.3.4.tgz",
            "integrity": "sha512-rtyO4Z5WagTtA31ywUUQrUN/lQ2OR/FqzDqw3S/2aWE9chCiuV0bfYychu+UqYRdI0sah5TJMMCtIMxPagONQg=="
        },
        "simplebar": {
            "version": "6.2.1",
            "resolved": "https://registry.npmjs.org/simplebar/-/simplebar-6.2.1.tgz",
            "integrity": "sha512-zEurqs3D/010l8nxqj4EkorH5BQGfJb/T3mUvrVx1H6hT99daOVtkQo0p1NL1/ChoLrfzQzrBN9sD8saK456LQ==",
            "requires": {
                "can-use-dom": "^0.1.0",
                "simplebar-core": "^1.2.1"
            }
        },
        "simplebar-core": {
            "version": "1.2.1",
            "resolved": "https://registry.npmjs.org/simplebar-core/-/simplebar-core-1.2.1.tgz",
            "integrity": "sha512-dgX6qDOSDM3+crxFstIKOlxyxnD3NYGRPm7CqmAtnNfFLVeadrydym5eNpduIO7aDFU/rayS6hEdrcxO0WBqnQ==",
            "requires": {
                "can-use-dom": "^0.1.0",
                "lodash-es": "^4.17.21"
            }
        },
        "smooth-scroll": {
            "version": "16.1.3",
            "resolved": "https://registry.npmjs.org/smooth-scroll/-/smooth-scroll-16.1.3.tgz",
            "integrity": "sha512-ca9U+neJS/cbdScTBuUTCZvUWNF2EuMCk7oAx3ImdeRK5FPm+xRo9XsVHIkeEVkn7MBRx+ufVEhyveM4ZhaTGA=="
        },
        "sweetalert2": {
            "version": "11.0.11",
            "resolved": "https://registry.npmjs.org/sweetalert2/-/sweetalert2-11.0.11.tgz",
            "integrity": "sha512-3xO4NI9mfO/9UImBu0Kym4tHEPQClxucLzBl9R8PPphNrdpen0TyWWBggz/EKCnidQfXYmt9R3pOr6CK4EQMwQ=="
        },
        "vanillajs-datepicker": {
            "version": "1.1.4",
            "resolved": "https://registry.npmjs.org/vanillajs-datepicker/-/vanillajs-datepicker-1.1.4.tgz",
            "integrity": "sha512-XJhvRx+VqtRjqrPlgNCQntLpCntFKPMBd8ahxZhLkvrWX0bNdpP3kz5j13L2Q0xfTAY/QMfQtVZvBvRF0NilcA=="
        },
        "waypoints": {
            "version": "4.0.1",
            "resolved": "https://registry.npmjs.org/waypoints/-/waypoints-4.0.1.tgz",
            "integrity": "sha512-PbydbsTvCFYoE1DaRAKBM4xPQi+7ULcULZ7vK79NLM55da5g46oyY62Xv9X5Z9F7O/qXmcS/XJ7Ae2pYij4bpw=="
        }
    }
}
